
Microsoft Visual Studio Solution File, Format Version 12.00
# Visual Studio 15
VisualStudioVersion = 15.0.27130.0
MinimumVisualStudioVersion = 10.0.40219.1
Project("{FAE04EC0-301F-11D3-BF4B-00C04F79EFBC}") = "week9Project", "week9Project\week9Project.csproj", "{5A54D6FB-3A2E-4C2C-B981-4BCEAE1A01FF}"
EndProject
Global
	GlobalSection(SolutionConfigurationPlatforms) = preSolution
		Debug|Any CPU = Debug|Any CPU
		Release|Any CPU = Release|Any CPU
	EndGlobalSection
	GlobalSection(ProjectConfigurationPlatforms) = postSolution
		{5A54D6FB-3A2E-4C2C-B981-4BCEAE1A01FF}.Debug|Any CPU.ActiveCfg = Debug|Any CPU
		{5A54D6FB-3A2E-4C2C-B981-4BCEAE1A01FF}.Debug|Any CPU.Build.0 = Debug|Any CPU
		{5A54D6FB-3A2E-4C2C-B981-4BCEAE1A01FF}.Release|Any CPU.ActiveCfg = Release|Any CPU
		{5A54D6FB-3A2E-4C2C-B981-4BCEAE1A01FF}.Release|Any CPU.Build.0 = Release|Any CPU
	EndGlobalSection
	GlobalSection(SolutionProperties) = preSolution
		HideSolutionNode = FALSE
	EndGlobalSection
	GlobalSection(ExtensibilityGlobals) = postSolution
		SolutionGuid = {04C3563F-A983-4D56-B6C7-EC206DB0DB26}
	EndGlobalSection
EndGlobal
